// !$*UTF8*$!
{
	archiveVersion = 1;
	classes = {
	};
	objectVersion = 46;
	objects = {

/* Begin PBXBuildFile section */
		00E356F31AD99517003FC87E /* NobHubTests.m in Sources */ = {isa = PBXBuildFile; fileRef = 00E356F21AD99517003FC87E /* NobHubTests.m */; };
		0369AC976E164986AE9B7C68 /* Foundation.ttf in Resources */ = {isa = PBXBuildFile; fileRef = 465CB260691248858C3D83B9 /* Foundation.ttf */; };
		045F48B0898B44BF8D436067 /* Fontisto.ttf in Resources */ = {isa = PBXBuildFile; fileRef = 9CF802ABA598462EB5561257 /* Fontisto.ttf */; };
		04B41762DB124F87BD74C32B /* rubicon-icon-font.ttf in Resources */ = {isa = PBXBuildFile; fileRef = 46FBB534CC174F6BA288EDD8 /* rubicon-icon-font.ttf */; };
		13B07FBC1A68108700A75B9A /* AppDelegate.m in Sources */ = {isa = PBXBuildFile; fileRef = 13B07FB01A68108700A75B9A /* AppDelegate.m */; };
		13B07FBD1A68108700A75B9A /* LaunchScreen.xib in Resources */ = {isa = PBXBuildFile; fileRef = 13B07FB11A68108700A75B9A /* LaunchScreen.xib */; };
		13B07FBF1A68108700A75B9A /* Images.xcassets in Resources */ = {isa = PBXBuildFile; fileRef = 13B07FB51A68108700A75B9A /* Images.xcassets */; };
		13B07FC11A68108700A75B9A /* main.m in Sources */ = {isa = PBXBuildFile; fileRef = 13B07FB71A68108700A75B9A /* main.m */; };
		1906ECDDE452C0E7554028A2 /* libPods-NobHubTests.a in Frameworks */ = {isa = PBXBuildFile; fileRef = DEC4BE8EC25EA7F14B23336A /* libPods-NobHubTests.a */; };
		1EC19B9904E349FF88F7474B /* MaterialCommunityIcons.ttf in Resources */ = {isa = PBXBuildFile; fileRef = ED842179E7D341ABBFEA2B27 /* MaterialCommunityIcons.ttf */; };
		203C546F2E69424E93E9D269 /* Radomir Tinkov - Gilroy-Black.otf in Resources */ = {isa = PBXBuildFile; fileRef = 5140E14169C64AE9BA7F1B84 /* Radomir Tinkov - Gilroy-Black.otf */; };
		2B571D8ED1CF4BE7B0F9A123 /* FontAwesome5_Brands.ttf in Resources */ = {isa = PBXBuildFile; fileRef = 54CBD8EDEA184E1B8E960B6D /* FontAwesome5_Brands.ttf */; };
		2D02E4BC1E0B4A80006451C7 /* AppDelegate.m in Sources */ = {isa = PBXBuildFile; fileRef = 13B07FB01A68108700A75B9A /* AppDelegate.m */; };
		2D02E4BD1E0B4A84006451C7 /* Images.xcassets in Resources */ = {isa = PBXBuildFile; fileRef = 13B07FB51A68108700A75B9A /* Images.xcassets */; };
		2D02E4BF1E0B4AB3006451C7 /* main.m in Sources */ = {isa = PBXBuildFile; fileRef = 13B07FB71A68108700A75B9A /* main.m */; };
		2DCD954D1E0B4F2C00145EB5 /* NobHubTests.m in Sources */ = {isa = PBXBuildFile; fileRef = 00E356F21AD99517003FC87E /* NobHubTests.m */; };
		3C36E75780CE4921A226199B /* Radomir Tinkov - Gilroy-Regular.otf in Resources */ = {isa = PBXBuildFile; fileRef = F939350BA6D044029875887B /* Radomir Tinkov - Gilroy-Regular.otf */; };
		3DB20E4A50A946ED84D3B705 /* Radomir Tinkov - Gilroy-Medium.otf in Resources */ = {isa = PBXBuildFile; fileRef = 82912878BA4146E89ECF991B /* Radomir Tinkov - Gilroy-Medium.otf */; };
		4098049757F0492D94816CAB /* Roboto_medium.ttf in Resources */ = {isa = PBXBuildFile; fileRef = 4873594EB48C4B1798C6BA48 /* Roboto_medium.ttf */; };
		41B76A6BE2C44D3589DD971B /* SimpleLineIcons.ttf in Resources */ = {isa = PBXBuildFile; fileRef = 1A8F441001EE4D59B87A1BF9 /* SimpleLineIcons.ttf */; };
		4F64742FBD1A47B581E8D083 /* FontAwesome.ttf in Resources */ = {isa = PBXBuildFile; fileRef = 85D44A305F17497CACB1AA57 /* FontAwesome.ttf */; };
		50DB524EF2094B9983B9A9AC /* Radomir Tinkov - Gilroy-Bold.otf in Resources */ = {isa = PBXBuildFile; fileRef = 2B42913531BE43F2988CCA44 /* Radomir Tinkov - Gilroy-Bold.otf */; };
		541D86029A7D46C6BAB38B85 /* AntDesign.ttf in Resources */ = {isa = PBXBuildFile; fileRef = C6C1B6FFB50A4BC98153D586 /* AntDesign.ttf */; };
		5B865DE623FC270300683986 /* GoogleService-Info.plist in Resources */ = {isa = PBXBuildFile; fileRef = 5B865DE523FC270300683986 /* GoogleService-Info.plist */; };
		6803C83B67754DFAAC7326C1 /* Zocial.ttf in Resources */ = {isa = PBXBuildFile; fileRef = 0752D7EC4650406486DDE7E6 /* Zocial.ttf */; };
		7F2E6C52DFF446D9B9CEBA57 /* FontAwesome5_Regular.ttf in Resources */ = {isa = PBXBuildFile; fileRef = 6E35FD8473344CD69AAA529B /* FontAwesome5_Regular.ttf */; };
		89856BF7D121FBE6591360EE /* libPods-NobHub-tvOSTests.a in Frameworks */ = {isa = PBXBuildFile; fileRef = 3E1330C3D143DD4648566BBF /* libPods-NobHub-tvOSTests.a */; };
		8AC2C15E926443AE992C9C21 /* MaterialIcons.ttf in Resources */ = {isa = PBXBuildFile; fileRef = A34E4C94D20C40FF8CA8DB6F /* MaterialIcons.ttf */; };
		8DD8D42B3697465B818ABA4D /* EvilIcons.ttf in Resources */ = {isa = PBXBuildFile; fileRef = 79006868B7864B60A8F46100 /* EvilIcons.ttf */; };
		A8334B2400AE471CAF8F11E9 /* FontAwesome5_Solid.ttf in Resources */ = {isa = PBXBuildFile; fileRef = 4C2DDA4200CC498E910ED8C9 /* FontAwesome5_Solid.ttf */; };
		ACF7959C795641B894EF9537 /* Feather.ttf in Resources */ = {isa = PBXBuildFile; fileRef = E96C8059B25141A8A5AA554D /* Feather.ttf */; };
		B8831410EE91AFF89B11E7A4 /* libPods-NobHub-tvOS.a in Frameworks */ = {isa = PBXBuildFile; fileRef = 216B183FCE9443EA74F7B673 /* libPods-NobHub-tvOS.a */; };
		BDEE0B3E2E01457F903686B3 /* Gilroy-Light.otf in Resources */ = {isa = PBXBuildFile; fileRef = FD16311FD01F458DB0C0A79E /* Gilroy-Light.otf */; };
		BF6C70EA55BD6CED81788419 /* libPods-NobHub.a in Frameworks */ = {isa = PBXBuildFile; fileRef = C7EAD0CF8640E89B688214F3 /* libPods-NobHub.a */; };
		C8C0DED036254C0CACC6FAE2 /* Gilroy-ExtraBold.otf in Resources */ = {isa = PBXBuildFile; fileRef = 91D7DC59B16B48329674F19A /* Gilroy-ExtraBold.otf */; };
		D1AB08DE8E224116ACD82AAA /* Radomir Tinkov - Gilroy-Heavy.otf in Resources */ = {isa = PBXBuildFile; fileRef = 54678FA371FE422099AC858F /* Radomir Tinkov - Gilroy-Heavy.otf */; };
		DC2C827E5C5F495A81ED3F7B /* Ionicons.ttf in Resources */ = {isa = PBXBuildFile; fileRef = 9B6ED447CC7C4EB5B85B4857 /* Ionicons.ttf */; };
		DDD2F5FA86794EA69886B102 /* Octicons.ttf in Resources */ = {isa = PBXBuildFile; fileRef = F9C42685AA5341AE8EAB1877 /* Octicons.ttf */; };
		E5C11DF5F09B4429ABD25138 /* Radomir Tinkov - Gilroy-Thin.otf in Resources */ = {isa = PBXBuildFile; fileRef = 54E27EDC779F408FB97A056C /* Radomir Tinkov - Gilroy-Thin.otf */; };
		F0EA8195287E436183A81AED /* Entypo.ttf in Resources */ = {isa = PBXBuildFile; fileRef = 51E49B44DC1049FDB7B2DEB3 /* Entypo.ttf */; };
		F2273D7475F1438D8197379C /* Roboto.ttf in Resources */ = {isa = PBXBuildFile; fileRef = 32DE5EF003464BE7BCB0EC39 /* Roboto.ttf */; };
/* End PBXBuildFile section */

/* Begin PBXContainerItemProxy section */
		00E356F41AD99517003FC87E /* PBXContainerItemProxy */ = {
			isa = PBXContainerItemProxy;
			containerPortal = 83CBB9F71A601CBA00E9B192 /* Project object */;
			proxyType = 1;
			remoteGlobalIDString = 13B07F861A680F5B00A75B9A;
			remoteInfo = NobHub;
		};
		2D02E4911E0B4A5D006451C7 /* PBXContainerItemProxy */ = {
			isa = PBXContainerItemProxy;
			containerPortal = 83CBB9F71A601CBA00E9B192 /* Project object */;
			proxyType = 1;
			remoteGlobalIDString = 2D02E47A1E0B4A5D006451C7;
			remoteInfo = "NobHub-tvOS";
		};
/* End PBXContainerItemProxy section */

/* Begin PBXFileReference section */
		008F07F21AC5B25A0029DE68 /* main.jsbundle */ = {isa = PBXFileReference; fileEncoding = 4; lastKnownFileType = text; path = main.jsbundle; sourceTree = "<group>"; };
		00E356EE1AD99517003FC87E /* NobHubTests.xctest */ = {isa = PBXFileReference; explicitFileType = wrapper.cfbundle; includeInIndex = 0; path = NobHubTests.xctest; sourceTree = BUILT_PRODUCTS_DIR; };
		00E356F11AD99517003FC87E /* Info.plist */ = {isa = PBXFileReference; lastKnownFileType = text.plist.xml; path = Info.plist; sourceTree = "<group>"; };
		00E356F21AD99517003FC87E /* NobHubTests.m */ = {isa = PBXFileReference; lastKnownFileType = sourcecode.c.objc; path = NobHubTests.m; sourceTree = "<group>"; };
		064104195CB9493A0E3621BB /* Pods-NobHub-tvOS.debug.xcconfig */ = {isa = PBXFileReference; includeInIndex = 1; lastKnownFileType = text.xcconfig; name = "Pods-NobHub-tvOS.debug.xcconfig"; path = "Target Support Files/Pods-NobHub-tvOS/Pods-NobHub-tvOS.debug.xcconfig"; sourceTree = "<group>"; };
		0752D7EC4650406486DDE7E6 /* Zocial.ttf */ = {isa = PBXFileReference; explicitFileType = undefined; fileEncoding = 9; includeInIndex = 0; lastKnownFileType = unknown; name = Zocial.ttf; path = ../assets/fonts/Zocial.ttf; sourceTree = "<group>"; };
		13B07F961A680F5B00A75B9A /* NobHub.app */ = {isa = PBXFileReference; explicitFileType = wrapper.application; includeInIndex = 0; path = NobHub.app; sourceTree = BUILT_PRODUCTS_DIR; };
		13B07FAF1A68108700A75B9A /* AppDelegate.h */ = {isa = PBXFileReference; fileEncoding = 4; lastKnownFileType = sourcecode.c.h; name = AppDelegate.h; path = NobHub/AppDelegate.h; sourceTree = "<group>"; };
		13B07FB01A68108700A75B9A /* AppDelegate.m */ = {isa = PBXFileReference; fileEncoding = 4; lastKnownFileType = sourcecode.c.objc; name = AppDelegate.m; path = NobHub/AppDelegate.m; sourceTree = "<group>"; };
		13B07FB21A68108700A75B9A /* Base */ = {isa = PBXFileReference; lastKnownFileType = file.xib; name = Base; path = Base.lproj/LaunchScreen.xib; sourceTree = "<group>"; };
		13B07FB51A68108700A75B9A /* Images.xcassets */ = {isa = PBXFileReference; lastKnownFileType = folder.assetcatalog; name = Images.xcassets; path = NobHub/Images.xcassets; sourceTree = "<group>"; };
		13B07FB61A68108700A75B9A /* Info.plist */ = {isa = PBXFileReference; fileEncoding = 4; lastKnownFileType = text.plist.xml; name = Info.plist; path = NobHub/Info.plist; sourceTree = "<group>"; };
		13B07FB71A68108700A75B9A /* main.m */ = {isa = PBXFileReference; fileEncoding = 4; lastKnownFileType = sourcecode.c.objc; name = main.m; path = NobHub/main.m; sourceTree = "<group>"; };
		1A8F441001EE4D59B87A1BF9 /* SimpleLineIcons.ttf */ = {isa = PBXFileReference; explicitFileType = undefined; fileEncoding = 9; includeInIndex = 0; lastKnownFileType = unknown; name = SimpleLineIcons.ttf; path = ../assets/fonts/SimpleLineIcons.ttf; sourceTree = "<group>"; };
		1BD090A344DC4A01BBA0431F /* oxygen_light.ttf */ = {isa = PBXFileReference; explicitFileType = undefined; fileEncoding = 9; includeInIndex = 0; lastKnownFileType = unknown; name = oxygen_light.ttf; path = ../assets/fonts/oxygen_light.ttf; sourceTree = "<group>"; };
		216B183FCE9443EA74F7B673 /* libPods-NobHub-tvOS.a */ = {isa = PBXFileReference; explicitFileType = archive.ar; includeInIndex = 0; path = "libPods-NobHub-tvOS.a"; sourceTree = BUILT_PRODUCTS_DIR; };
		2493377FFFF8439A840BF333 /* NunitoSans-Bold.ttf */ = {isa = PBXFileReference; explicitFileType = undefined; fileEncoding = 9; includeInIndex = 0; lastKnownFileType = unknown; name = "NunitoSans-Bold.ttf"; path = "../assets/fonts/NunitoSans-Bold.ttf"; sourceTree = "<group>"; };
		25C8AD807E1C659C857F5714 /* Pods-NobHub-tvOSTests.release.xcconfig */ = {isa = PBXFileReference; includeInIndex = 1; lastKnownFileType = text.xcconfig; name = "Pods-NobHub-tvOSTests.release.xcconfig"; path = "Target Support Files/Pods-NobHub-tvOSTests/Pods-NobHub-tvOSTests.release.xcconfig"; sourceTree = "<group>"; };
		2B42913531BE43F2988CCA44 /* Radomir Tinkov - Gilroy-Bold.otf */ = {isa = PBXFileReference; explicitFileType = undefined; fileEncoding = 9; includeInIndex = 0; lastKnownFileType = unknown; name = "Radomir Tinkov - Gilroy-Bold.otf"; path = "../assets/fonts/Radomir Tinkov - Gilroy-Bold.otf"; sourceTree = "<group>"; };
		2D02E47B1E0B4A5D006451C7 /* NobHub-tvOS.app */ = {isa = PBXFileReference; explicitFileType = wrapper.application; includeInIndex = 0; path = "NobHub-tvOS.app"; sourceTree = BUILT_PRODUCTS_DIR; };
		2D02E4901E0B4A5D006451C7 /* NobHub-tvOSTests.xctest */ = {isa = PBXFileReference; explicitFileType = wrapper.cfbundle; includeInIndex = 0; path = "NobHub-tvOSTests.xctest"; sourceTree = BUILT_PRODUCTS_DIR; };
		30C7A65B66EA47A9A54931AF /* NunitoSans-ExtraLight.ttf */ = {isa = PBXFileReference; explicitFileType = undefined; fileEncoding = 9; includeInIndex = 0; lastKnownFileType = unknown; name = "NunitoSans-ExtraLight.ttf"; path = "../assets/fonts/NunitoSans-ExtraLight.ttf"; sourceTree = "<group>"; };
		32DE5EF003464BE7BCB0EC39 /* Roboto.ttf */ = {isa = PBXFileReference; explicitFileType = undefined; fileEncoding = 9; includeInIndex = 0; lastKnownFileType = unknown; name = Roboto.ttf; path = "../node_modules/native-base/Fonts/Roboto.ttf"; sourceTree = "<group>"; };
		3E1330C3D143DD4648566BBF /* libPods-NobHub-tvOSTests.a */ = {isa = PBXFileReference; explicitFileType = archive.ar; includeInIndex = 0; path = "libPods-NobHub-tvOSTests.a"; sourceTree = BUILT_PRODUCTS_DIR; };
		465CB260691248858C3D83B9 /* Foundation.ttf */ = {isa = PBXFileReference; explicitFileType = undefined; fileEncoding = 9; includeInIndex = 0; lastKnownFileType = unknown; name = Foundation.ttf; path = ../assets/fonts/Foundation.ttf; sourceTree = "<group>"; };
		46FBB534CC174F6BA288EDD8 /* rubicon-icon-font.ttf */ = {isa = PBXFileReference; explicitFileType = undefined; fileEncoding = 9; includeInIndex = 0; lastKnownFileType = unknown; name = "rubicon-icon-font.ttf"; path = "../node_modules/native-base/Fonts/rubicon-icon-font.ttf"; sourceTree = "<group>"; };
		4873594EB48C4B1798C6BA48 /* Roboto_medium.ttf */ = {isa = PBXFileReference; explicitFileType = undefined; fileEncoding = 9; includeInIndex = 0; lastKnownFileType = unknown; name = Roboto_medium.ttf; path = "../node_modules/native-base/Fonts/Roboto_medium.ttf"; sourceTree = "<group>"; };
		4C2DDA4200CC498E910ED8C9 /* FontAwesome5_Solid.ttf */ = {isa = PBXFileReference; explicitFileType = undefined; fileEncoding = 9; includeInIndex = 0; lastKnownFileType = unknown; name = FontAwesome5_Solid.ttf; path = ../assets/fonts/FontAwesome5_Solid.ttf; sourceTree = "<group>"; };
		5140E14169C64AE9BA7F1B84 /* Radomir Tinkov - Gilroy-Black.otf */ = {isa = PBXFileReference; explicitFileType = undefined; fileEncoding = 9; includeInIndex = 0; lastKnownFileType = unknown; name = "Radomir Tinkov - Gilroy-Black.otf"; path = "../assets/fonts/Radomir Tinkov - Gilroy-Black.otf"; sourceTree = "<group>"; };
		51E49B44DC1049FDB7B2DEB3 /* Entypo.ttf */ = {isa = PBXFileReference; explicitFileType = undefined; fileEncoding = 9; includeInIndex = 0; lastKnownFileType = unknown; name = Entypo.ttf; path = ../assets/fonts/Entypo.ttf; sourceTree = "<group>"; };
		54678FA371FE422099AC858F /* Radomir Tinkov - Gilroy-Heavy.otf */ = {isa = PBXFileReference; explicitFileType = undefined; fileEncoding = 9; includeInIndex = 0; lastKnownFileType = unknown; name = "Radomir Tinkov - Gilroy-Heavy.otf"; path = "../assets/fonts/Radomir Tinkov - Gilroy-Heavy.otf"; sourceTree = "<group>"; };
		54CBD8EDEA184E1B8E960B6D /* FontAwesome5_Brands.ttf */ = {isa = PBXFileReference; explicitFileType = undefined; fileEncoding = 9; includeInIndex = 0; lastKnownFileType = unknown; name = FontAwesome5_Brands.ttf; path = ../assets/fonts/FontAwesome5_Brands.ttf; sourceTree = "<group>"; };
		54E27EDC779F408FB97A056C /* Radomir Tinkov - Gilroy-Thin.otf */ = {isa = PBXFileReference; explicitFileType = undefined; fileEncoding = 9; includeInIndex = 0; lastKnownFileType = unknown; name = "Radomir Tinkov - Gilroy-Thin.otf"; path = "../assets/fonts/Radomir Tinkov - Gilroy-Thin.otf"; sourceTree = "<group>"; };
		5850E55FBF66190619EA8EAB /* Pods-NobHubTests.debug.xcconfig */ = {isa = PBXFileReference; includeInIndex = 1; lastKnownFileType = text.xcconfig; name = "Pods-NobHubTests.debug.xcconfig"; path = "Target Support Files/Pods-NobHubTests/Pods-NobHubTests.debug.xcconfig"; sourceTree = "<group>"; };
		5B828C5923DADE8000A2161C /* NobHub.entitlements */ = {isa = PBXFileReference; lastKnownFileType = text.plist.entitlements; name = NobHub.entitlements; path = NobHub/NobHub.entitlements; sourceTree = "<group>"; };
		5B865DE523FC270300683986 /* GoogleService-Info.plist */ = {isa = PBXFileReference; fileEncoding = 4; lastKnownFileType = text.plist.xml; name = "GoogleService-Info.plist"; path = "NobHub/GoogleService-Info.plist"; sourceTree = "<group>"; };
		6D8B3849935C4815AF1E17A0 /* RNColorPanel.xcodeproj */ = {isa = PBXFileReference; explicitFileType = undefined; fileEncoding = 9; includeInIndex = 0; lastKnownFileType = "wrapper.pb-project"; name = RNColorPanel.xcodeproj; path = "../node_modules/react-native-color-panel/ios/RNColorPanel.xcodeproj"; sourceTree = "<group>"; };
		6E35FD8473344CD69AAA529B /* FontAwesome5_Regular.ttf */ = {isa = PBXFileReference; explicitFileType = undefined; fileEncoding = 9; includeInIndex = 0; lastKnownFileType = unknown; name = FontAwesome5_Regular.ttf; path = ../assets/fonts/FontAwesome5_Regular.ttf; sourceTree = "<group>"; };
		784BB14B9C83C0DD0DC8B19F /* Pods-NobHub-tvOS.release.xcconfig */ = {isa = PBXFileReference; includeInIndex = 1; lastKnownFileType = text.xcconfig; name = "Pods-NobHub-tvOS.release.xcconfig"; path = "Target Support Files/Pods-NobHub-tvOS/Pods-NobHub-tvOS.release.xcconfig"; sourceTree = "<group>"; };
		79006868B7864B60A8F46100 /* EvilIcons.ttf */ = {isa = PBXFileReference; explicitFileType = undefined; fileEncoding = 9; includeInIndex = 0; lastKnownFileType = unknown; name = EvilIcons.ttf; path = ../assets/fonts/EvilIcons.ttf; sourceTree = "<group>"; };
		794F4E50186144C188BD8959 /* NunitoSans-LightItalic.ttf */ = {isa = PBXFileReference; explicitFileType = undefined; fileEncoding = 9; includeInIndex = 0; lastKnownFileType = unknown; name = "NunitoSans-LightItalic.ttf"; path = "../assets/fonts/NunitoSans-LightItalic.ttf"; sourceTree = "<group>"; };
		7AD6A77EA68947669EB201D9 /* NunitoSans-Regular.ttf */ = {isa = PBXFileReference; explicitFileType = undefined; fileEncoding = 9; includeInIndex = 0; lastKnownFileType = unknown; name = "NunitoSans-Regular.ttf"; path = "../assets/fonts/NunitoSans-Regular.ttf"; sourceTree = "<group>"; };
		7FDE2AA0B4F946FABDA14FC3 /* NunitoSans-BoldItalic.ttf */ = {isa = PBXFileReference; explicitFileType = undefined; fileEncoding = 9; includeInIndex = 0; lastKnownFileType = unknown; name = "NunitoSans-BoldItalic.ttf"; path = "../assets/fonts/NunitoSans-BoldItalic.ttf"; sourceTree = "<group>"; };
		82912878BA4146E89ECF991B /* Radomir Tinkov - Gilroy-Medium.otf */ = {isa = PBXFileReference; explicitFileType = undefined; fileEncoding = 9; includeInIndex = 0; lastKnownFileType = unknown; name = "Radomir Tinkov - Gilroy-Medium.otf"; path = "../assets/fonts/Radomir Tinkov - Gilroy-Medium.otf"; sourceTree = "<group>"; };
		82E70C282235C81F25A621D2 /* Pods-NobHubTests.release.xcconfig */ = {isa = PBXFileReference; includeInIndex = 1; lastKnownFileType = text.xcconfig; name = "Pods-NobHubTests.release.xcconfig"; path = "Target Support Files/Pods-NobHubTests/Pods-NobHubTests.release.xcconfig"; sourceTree = "<group>"; };
		85D44A305F17497CACB1AA57 /* FontAwesome.ttf */ = {isa = PBXFileReference; explicitFileType = undefined; fileEncoding = 9; includeInIndex = 0; lastKnownFileType = unknown; name = FontAwesome.ttf; path = ../assets/fonts/FontAwesome.ttf; sourceTree = "<group>"; };
		8FA14C2AA6EA19A3A87E829C /* Pods-NobHub.debug.xcconfig */ = {isa = PBXFileReference; includeInIndex = 1; lastKnownFileType = text.xcconfig; name = "Pods-NobHub.debug.xcconfig"; path = "Target Support Files/Pods-NobHub/Pods-NobHub.debug.xcconfig"; sourceTree = "<group>"; };
		91D7DC59B16B48329674F19A /* Gilroy-ExtraBold.otf */ = {isa = PBXFileReference; explicitFileType = undefined; fileEncoding = 9; includeInIndex = 0; lastKnownFileType = unknown; name = "Gilroy-ExtraBold.otf"; path = "../assets/fonts/Gilroy-ExtraBold.otf"; sourceTree = "<group>"; };
		96184D998B63461B81AE61F3 /* NunitoSans-Black.ttf */ = {isa = PBXFileReference; explicitFileType = undefined; fileEncoding = 9; includeInIndex = 0; lastKnownFileType = unknown; name = "NunitoSans-Black.ttf"; path = "../assets/fonts/NunitoSans-Black.ttf"; sourceTree = "<group>"; };
		98F38BB2C9B64D01B82C9050 /* oxygen_bold.ttf */ = {isa = PBXFileReference; explicitFileType = undefined; fileEncoding = 9; includeInIndex = 0; lastKnownFileType = unknown; name = oxygen_bold.ttf; path = ../assets/fonts/oxygen_bold.ttf; sourceTree = "<group>"; };
		9B6ED447CC7C4EB5B85B4857 /* Ionicons.ttf */ = {isa = PBXFileReference; explicitFileType = undefined; fileEncoding = 9; includeInIndex = 0; lastKnownFileType = unknown; name = Ionicons.ttf; path = "../node_modules/react-native-vector-icons/Fonts/Ionicons.ttf"; sourceTree = "<group>"; };
		9CF802ABA598462EB5561257 /* Fontisto.ttf */ = {isa = PBXFileReference; explicitFileType = undefined; fileEncoding = 9; includeInIndex = 0; lastKnownFileType = unknown; name = Fontisto.ttf; path = ../assets/fonts/Fontisto.ttf; sourceTree = "<group>"; };
		A0534F5421EC472BB99D806C /* NunitoSans-SemiBold.ttf */ = {isa = PBXFileReference; explicitFileType = undefined; fileEncoding = 9; includeInIndex = 0; lastKnownFileType = unknown; name = "NunitoSans-SemiBold.ttf"; path = "../assets/fonts/NunitoSans-SemiBold.ttf"; sourceTree = "<group>"; };
		A34E4C94D20C40FF8CA8DB6F /* MaterialIcons.ttf */ = {isa = PBXFileReference; explicitFileType = undefined; fileEncoding = 9; includeInIndex = 0; lastKnownFileType = unknown; name = MaterialIcons.ttf; path = ../assets/fonts/MaterialIcons.ttf; sourceTree = "<group>"; };
		A5A4821CF58C4738825572BB /* nunito_bolditalic.ttf */ = {isa = PBXFileReference; explicitFileType = undefined; fileEncoding = 9; includeInIndex = 0; lastKnownFileType = unknown; name = nunito_bolditalic.ttf; path = ../assets/fonts/nunito_bolditalic.ttf; sourceTree = "<group>"; };
		A8DEC36721BA4230B5D095D6 /* NunitoSans-Light.ttf */ = {isa = PBXFileReference; explicitFileType = undefined; fileEncoding = 9; includeInIndex = 0; lastKnownFileType = unknown; name = "NunitoSans-Light.ttf"; path = "../assets/fonts/NunitoSans-Light.ttf"; sourceTree = "<group>"; };
		AAAAE0C064D94E5FA0B7BA87 /* nunito_regular.ttf */ = {isa = PBXFileReference; explicitFileType = undefined; fileEncoding = 9; includeInIndex = 0; lastKnownFileType = unknown; name = nunito_regular.ttf; path = ../assets/fonts/nunito_regular.ttf; sourceTree = "<group>"; };
		AAE30E1272EBC1E31D7B6BD7 /* Pods-NobHub.release.xcconfig */ = {isa = PBXFileReference; includeInIndex = 1; lastKnownFileType = text.xcconfig; name = "Pods-NobHub.release.xcconfig"; path = "Target Support Files/Pods-NobHub/Pods-NobHub.release.xcconfig"; sourceTree = "<group>"; };
		B33341454DFDD65B16F7955B /* Pods-NobHub-tvOSTests.debug.xcconfig */ = {isa = PBXFileReference; includeInIndex = 1; lastKnownFileType = text.xcconfig; name = "Pods-NobHub-tvOSTests.debug.xcconfig"; path = "Target Support Files/Pods-NobHub-tvOSTests/Pods-NobHub-tvOSTests.debug.xcconfig"; sourceTree = "<group>"; };
		B7AF6E792AF643DB9D936336 /* NunitoSans-SemiBoldItalic.ttf */ = {isa = PBXFileReference; explicitFileType = undefined; fileEncoding = 9; includeInIndex = 0; lastKnownFileType = unknown; name = "NunitoSans-SemiBoldItalic.ttf"; path = "../assets/fonts/NunitoSans-SemiBoldItalic.ttf"; sourceTree = "<group>"; };
		C6C1B6FFB50A4BC98153D586 /* AntDesign.ttf */ = {isa = PBXFileReference; explicitFileType = undefined; fileEncoding = 9; includeInIndex = 0; lastKnownFileType = unknown; name = AntDesign.ttf; path = ../assets/fonts/AntDesign.ttf; sourceTree = "<group>"; };
		C73CF8EFA7264B3B81592FBB /* NunitoSans-BlackItalic.ttf */ = {isa = PBXFileReference; explicitFileType = undefined; fileEncoding = 9; includeInIndex = 0; lastKnownFileType = unknown; name = "NunitoSans-BlackItalic.ttf"; path = "../assets/fonts/NunitoSans-BlackItalic.ttf"; sourceTree = "<group>"; };
		C7EAD0CF8640E89B688214F3 /* libPods-NobHub.a */ = {isa = PBXFileReference; explicitFileType = archive.ar; includeInIndex = 0; path = "libPods-NobHub.a"; sourceTree = BUILT_PRODUCTS_DIR; };
		CDDBDC1A36DB4E15A9B48860 /* libRNColorPanel.a */ = {isa = PBXFileReference; explicitFileType = undefined; fileEncoding = 9; includeInIndex = 0; lastKnownFileType = archive.ar; path = libRNColorPanel.a; sourceTree = "<group>"; };
		CE58CB6A07FC430EBC6A2773 /* NunitoSans-ExtraLightItalic.ttf */ = {isa = PBXFileReference; explicitFileType = undefined; fileEncoding = 9; includeInIndex = 0; lastKnownFileType = unknown; name = "NunitoSans-ExtraLightItalic.ttf"; path = "../assets/fonts/NunitoSans-ExtraLightItalic.ttf"; sourceTree = "<group>"; };
		D3FD9C9ACEF048FABFCFF1F7 /* nunito_bold.ttf */ = {isa = PBXFileReference; explicitFileType = undefined; fileEncoding = 9; includeInIndex = 0; lastKnownFileType = unknown; name = nunito_bold.ttf; path = ../assets/fonts/nunito_bold.ttf; sourceTree = "<group>"; };
		DEC4BE8EC25EA7F14B23336A /* libPods-NobHubTests.a */ = {isa = PBXFileReference; explicitFileType = archive.ar; includeInIndex = 0; path = "libPods-NobHubTests.a"; sourceTree = BUILT_PRODUCTS_DIR; };
		E6A957FE15B64CA699A09C8E /* NunitoSans-ExtraBoldItalic.ttf */ = {isa = PBXFileReference; explicitFileType = undefined; fileEncoding = 9; includeInIndex = 0; lastKnownFileType = unknown; name = "NunitoSans-ExtraBoldItalic.ttf"; path = "../assets/fonts/NunitoSans-ExtraBoldItalic.ttf"; sourceTree = "<group>"; };
		E96C8059B25141A8A5AA554D /* Feather.ttf */ = {isa = PBXFileReference; explicitFileType = undefined; fileEncoding = 9; includeInIndex = 0; lastKnownFileType = unknown; name = Feather.ttf; path = ../assets/fonts/Feather.ttf; sourceTree = "<group>"; };
		EBAD1EF4FF9942AAAD6E7D12 /* nunito_italic.ttf */ = {isa = PBXFileReference; explicitFileType = undefined; fileEncoding = 9; includeInIndex = 0; lastKnownFileType = unknown; name = nunito_italic.ttf; path = ../assets/fonts/nunito_italic.ttf; sourceTree = "<group>"; };
		ED297162215061F000B7C4FE /* JavaScriptCore.framework */ = {isa = PBXFileReference; lastKnownFileType = wrapper.framework; name = JavaScriptCore.framework; path = System/Library/Frameworks/JavaScriptCore.framework; sourceTree = SDKROOT; };
		ED2971642150620600B7C4FE /* JavaScriptCore.framework */ = {isa = PBXFileReference; lastKnownFileType = wrapper.framework; name = JavaScriptCore.framework; path = Platforms/AppleTVOS.platform/Developer/SDKs/AppleTVOS12.0.sdk/System/Library/Frameworks/JavaScriptCore.framework; sourceTree = DEVELOPER_DIR; };
		ED842179E7D341ABBFEA2B27 /* MaterialCommunityIcons.ttf */ = {isa = PBXFileReference; explicitFileType = undefined; fileEncoding = 9; includeInIndex = 0; lastKnownFileType = unknown; name = MaterialCommunityIcons.ttf; path = ../assets/fonts/MaterialCommunityIcons.ttf; sourceTree = "<group>"; };
		F27ACD07CAD847BA93038EFA /* NunitoSans-ExtraBold.ttf */ = {isa = PBXFileReference; explicitFileType = undefined; fileEncoding = 9; includeInIndex = 0; lastKnownFileType = unknown; name = "NunitoSans-ExtraBold.ttf"; path = "../assets/fonts/NunitoSans-ExtraBold.ttf"; sourceTree = "<group>"; };
		F4CE57345BC044CF9A7B4FA3 /* NunitoSans-Italic.ttf */ = {isa = PBXFileReference; explicitFileType = undefined; fileEncoding = 9; includeInIndex = 0; lastKnownFileType = unknown; name = "NunitoSans-Italic.ttf"; path = "../assets/fonts/NunitoSans-Italic.ttf"; sourceTree = "<group>"; };
		F939350BA6D044029875887B /* Radomir Tinkov - Gilroy-Regular.otf */ = {isa = PBXFileReference; explicitFileType = undefined; fileEncoding = 9; includeInIndex = 0; lastKnownFileType = unknown; name = "Radomir Tinkov - Gilroy-Regular.otf"; path = "../assets/fonts/Radomir Tinkov - Gilroy-Regular.otf"; sourceTree = "<group>"; };
		F9C42685AA5341AE8EAB1877 /* Octicons.ttf */ = {isa = PBXFileReference; explicitFileType = undefined; fileEncoding = 9; includeInIndex = 0; lastKnownFileType = unknown; name = Octicons.ttf; path = ../assets/fonts/Octicons.ttf; sourceTree = "<group>"; };
		FD16311FD01F458DB0C0A79E /* Gilroy-Light.otf */ = {isa = PBXFileReference; explicitFileType = undefined; fileEncoding = 9; includeInIndex = 0; lastKnownFileType = unknown; name = "Gilroy-Light.otf"; path = "../assets/fonts/Gilroy-Light.otf"; sourceTree = "<group>"; };
		FFDA266175A24BA2A0F92926 /* oxygen_regular.ttf */ = {isa = PBXFileReference; explicitFileType = undefined; fileEncoding = 9; includeInIndex = 0; lastKnownFileType = unknown; name = oxygen_regular.ttf; path = ../assets/fonts/oxygen_regular.ttf; sourceTree = "<group>"; };
/* End PBXFileReference section */

/* Begin PBXFrameworksBuildPhase section */
		00E356EB1AD99517003FC87E /* Frameworks */ = {
			isa = PBXFrameworksBuildPhase;
			buildActionMask = 2147483647;
			files = (
				1906ECDDE452C0E7554028A2 /* libPods-NobHubTests.a in Frameworks */,
			);
			runOnlyForDeploymentPostprocessing = 0;
		};
		13B07F8C1A680F5B00A75B9A /* Frameworks */ = {
			isa = PBXFrameworksBuildPhase;
			buildActionMask = 2147483647;
			files = (
				BF6C70EA55BD6CED81788419 /* libPods-NobHub.a in Frameworks */,
			);
			runOnlyForDeploymentPostprocessing = 0;
		};
		2D02E4781E0B4A5D006451C7 /* Frameworks */ = {
			isa = PBXFrameworksBuildPhase;
			buildActionMask = 2147483647;
			files = (
				B8831410EE91AFF89B11E7A4 /* libPods-NobHub-tvOS.a in Frameworks */,
			);
			runOnlyForDeploymentPostprocessing = 0;
		};
		2D02E48D1E0B4A5D006451C7 /* Frameworks */ = {
			isa = PBXFrameworksBuildPhase;
			buildActionMask = 2147483647;
			files = (
				89856BF7D121FBE6591360EE /* libPods-NobHub-tvOSTests.a in Frameworks */,
			);
			runOnlyForDeploymentPostprocessing = 0;
		};
/* End PBXFrameworksBuildPhase section */

/* Begin PBXGroup section */
		00E356EF1AD99517003FC87E /* NobHubTests */ = {
			isa = PBXGroup;
			children = (
				00E356F21AD99517003FC87E /* NobHubTests.m */,
				00E356F01AD99517003FC87E /* Supporting Files */,
			);
			path = NobHubTests;
			sourceTree = "<group>";
		};
		00E356F01AD99517003FC87E /* Supporting Files */ = {
			isa = PBXGroup;
			children = (
				00E356F11AD99517003FC87E /* Info.plist */,
			);
			name = "Supporting Files";
			sourceTree = "<group>";
		};
		13B07FAE1A68108700A75B9A /* NobHub */ = {
			isa = PBXGroup;
			children = (
				5B865DE523FC270300683986 /* GoogleService-Info.plist */,
				5B828C5923DADE8000A2161C /* NobHub.entitlements */,
				008F07F21AC5B25A0029DE68 /* main.jsbundle */,
				13B07FAF1A68108700A75B9A /* AppDelegate.h */,
				13B07FB01A68108700A75B9A /* AppDelegate.m */,
				13B07FB51A68108700A75B9A /* Images.xcassets */,
				13B07FB61A68108700A75B9A /* Info.plist */,
				13B07FB11A68108700A75B9A /* LaunchScreen.xib */,
				13B07FB71A68108700A75B9A /* main.m */,
			);
			name = NobHub;
			sourceTree = "<group>";
		};
		2D16E6871FA4F8E400B85C8A /* Frameworks */ = {
			isa = PBXGroup;
			children = (
				ED297162215061F000B7C4FE /* JavaScriptCore.framework */,
				ED2971642150620600B7C4FE /* JavaScriptCore.framework */,
				C7EAD0CF8640E89B688214F3 /* libPods-NobHub.a */,
				216B183FCE9443EA74F7B673 /* libPods-NobHub-tvOS.a */,
				3E1330C3D143DD4648566BBF /* libPods-NobHub-tvOSTests.a */,
				DEC4BE8EC25EA7F14B23336A /* libPods-NobHubTests.a */,
			);
			name = Frameworks;
			sourceTree = "<group>";
		};
		832341AE1AAA6A7D00B99B32 /* Libraries */ = {
			isa = PBXGroup;
			children = (
				6D8B3849935C4815AF1E17A0 /* RNColorPanel.xcodeproj */,
			);
			name = Libraries;
			sourceTree = "<group>";
		};
		83CBB9F61A601CBA00E9B192 = {
			isa = PBXGroup;
			children = (
				13B07FAE1A68108700A75B9A /* NobHub */,
				832341AE1AAA6A7D00B99B32 /* Libraries */,
				00E356EF1AD99517003FC87E /* NobHubTests */,
				83CBBA001A601CBA00E9B192 /* Products */,
				2D16E6871FA4F8E400B85C8A /* Frameworks */,
				C2C412756DC18E8E0C551BF4 /* Pods */,
				B7C7A7D1C1ED4E8ABA544DA1 /* Resources */,
				84BE022D26920044007BC406 /* Recovered References */,
			);
			indentWidth = 2;
			sourceTree = "<group>";
			tabWidth = 2;
			usesTabs = 0;
		};
		83CBBA001A601CBA00E9B192 /* Products */ = {
			isa = PBXGroup;
			children = (
				13B07F961A680F5B00A75B9A /* NobHub.app */,
				00E356EE1AD99517003FC87E /* NobHubTests.xctest */,
				2D02E47B1E0B4A5D006451C7 /* NobHub-tvOS.app */,
				2D02E4901E0B4A5D006451C7 /* NobHub-tvOSTests.xctest */,
			);
			name = Products;
			sourceTree = "<group>";
		};
		84BE022D26920044007BC406 /* Recovered References */ = {
			isa = PBXGroup;
			children = (
				CDDBDC1A36DB4E15A9B48860 /* libRNColorPanel.a */,
			);
			name = "Recovered References";
			sourceTree = "<group>";
		};
		B7C7A7D1C1ED4E8ABA544DA1 /* Resources */ = {
			isa = PBXGroup;
			children = (
				D3FD9C9ACEF048FABFCFF1F7 /* nunito_bold.ttf */,
				A5A4821CF58C4738825572BB /* nunito_bolditalic.ttf */,
				EBAD1EF4FF9942AAAD6E7D12 /* nunito_italic.ttf */,
				AAAAE0C064D94E5FA0B7BA87 /* nunito_regular.ttf */,
				96184D998B63461B81AE61F3 /* NunitoSans-Black.ttf */,
				C73CF8EFA7264B3B81592FBB /* NunitoSans-BlackItalic.ttf */,
				2493377FFFF8439A840BF333 /* NunitoSans-Bold.ttf */,
				7FDE2AA0B4F946FABDA14FC3 /* NunitoSans-BoldItalic.ttf */,
				F27ACD07CAD847BA93038EFA /* NunitoSans-ExtraBold.ttf */,
				E6A957FE15B64CA699A09C8E /* NunitoSans-ExtraBoldItalic.ttf */,
				30C7A65B66EA47A9A54931AF /* NunitoSans-ExtraLight.ttf */,
				CE58CB6A07FC430EBC6A2773 /* NunitoSans-ExtraLightItalic.ttf */,
				F4CE57345BC044CF9A7B4FA3 /* NunitoSans-Italic.ttf */,
				A8DEC36721BA4230B5D095D6 /* NunitoSans-Light.ttf */,
				794F4E50186144C188BD8959 /* NunitoSans-LightItalic.ttf */,
				7AD6A77EA68947669EB201D9 /* NunitoSans-Regular.ttf */,
				A0534F5421EC472BB99D806C /* NunitoSans-SemiBold.ttf */,
				B7AF6E792AF643DB9D936336 /* NunitoSans-SemiBoldItalic.ttf */,
				98F38BB2C9B64D01B82C9050 /* oxygen_bold.ttf */,
				1BD090A344DC4A01BBA0431F /* oxygen_light.ttf */,
				FFDA266175A24BA2A0F92926 /* oxygen_regular.ttf */,
				4873594EB48C4B1798C6BA48 /* Roboto_medium.ttf */,
				32DE5EF003464BE7BCB0EC39 /* Roboto.ttf */,
				46FBB534CC174F6BA288EDD8 /* rubicon-icon-font.ttf */,
				91D7DC59B16B48329674F19A /* Gilroy-ExtraBold.otf */,
				FD16311FD01F458DB0C0A79E /* Gilroy-Light.otf */,
				5140E14169C64AE9BA7F1B84 /* Radomir Tinkov - Gilroy-Black.otf */,
				2B42913531BE43F2988CCA44 /* Radomir Tinkov - Gilroy-Bold.otf */,
				54678FA371FE422099AC858F /* Radomir Tinkov - Gilroy-Heavy.otf */,
				82912878BA4146E89ECF991B /* Radomir Tinkov - Gilroy-Medium.otf */,
				F939350BA6D044029875887B /* Radomir Tinkov - Gilroy-Regular.otf */,
				54E27EDC779F408FB97A056C /* Radomir Tinkov - Gilroy-Thin.otf */,
				C6C1B6FFB50A4BC98153D586 /* AntDesign.ttf */,
				51E49B44DC1049FDB7B2DEB3 /* Entypo.ttf */,
				79006868B7864B60A8F46100 /* EvilIcons.ttf */,
				E96C8059B25141A8A5AA554D /* Feather.ttf */,
				85D44A305F17497CACB1AA57 /* FontAwesome.ttf */,
				54CBD8EDEA184E1B8E960B6D /* FontAwesome5_Brands.ttf */,
				6E35FD8473344CD69AAA529B /* FontAwesome5_Regular.ttf */,
				4C2DDA4200CC498E910ED8C9 /* FontAwesome5_Solid.ttf */,
				9CF802ABA598462EB5561257 /* Fontisto.ttf */,
				465CB260691248858C3D83B9 /* Foundation.ttf */,
				ED842179E7D341ABBFEA2B27 /* MaterialCommunityIcons.ttf */,
				A34E4C94D20C40FF8CA8DB6F /* MaterialIcons.ttf */,
				F9C42685AA5341AE8EAB1877 /* Octicons.ttf */,
				1A8F441001EE4D59B87A1BF9 /* SimpleLineIcons.ttf */,
				0752D7EC4650406486DDE7E6 /* Zocial.ttf */,
				9B6ED447CC7C4EB5B85B4857 /* Ionicons.ttf */,
			);
			name = Resources;
			sourceTree = "<group>";
		};
		C2C412756DC18E8E0C551BF4 /* Pods */ = {
			isa = PBXGroup;
			children = (
				8FA14C2AA6EA19A3A87E829C /* Pods-NobHub.debug.xcconfig */,
				AAE30E1272EBC1E31D7B6BD7 /* Pods-NobHub.release.xcconfig */,
				064104195CB9493A0E3621BB /* Pods-NobHub-tvOS.debug.xcconfig */,
				784BB14B9C83C0DD0DC8B19F /* Pods-NobHub-tvOS.release.xcconfig */,
				B33341454DFDD65B16F7955B /* Pods-NobHub-tvOSTests.debug.xcconfig */,
				25C8AD807E1C659C857F5714 /* Pods-NobHub-tvOSTests.release.xcconfig */,
				5850E55FBF66190619EA8EAB /* Pods-NobHubTests.debug.xcconfig */,
				82E70C282235C81F25A621D2 /* Pods-NobHubTests.release.xcconfig */,
			);
			path = Pods;
			sourceTree = "<group>";
		};
/* End PBXGroup section */

/* Begin PBXNativeTarget section */
		00E356ED1AD99517003FC87E /* NobHubTests */ = {
			isa = PBXNativeTarget;
			buildConfigurationList = 00E357021AD99517003FC87E /* Build configuration list for PBXNativeTarget "NobHubTests" */;
			buildPhases = (
				58E7F038098CE21F2840DD1F /* [CP] Check Pods Manifest.lock */,
				00E356EA1AD99517003FC87E /* Sources */,
				00E356EB1AD99517003FC87E /* Frameworks */,
				00E356EC1AD99517003FC87E /* Resources */,
			);
			buildRules = (
			);
			dependencies = (
				00E356F51AD99517003FC87E /* PBXTargetDependency */,
			);
			name = NobHubTests;
			productName = NobHubTests;
			productReference = 00E356EE1AD99517003FC87E /* NobHubTests.xctest */;
			productType = "com.apple.product-type.bundle.unit-test";
		};
		13B07F861A680F5B00A75B9A /* NobHub */ = {
			isa = PBXNativeTarget;
			buildConfigurationList = 13B07F931A680F5B00A75B9A /* Build configuration list for PBXNativeTarget "NobHub" */;
			buildPhases = (
				CA24B72653A7B956E253696B /* [CP] Check Pods Manifest.lock */,
				FD10A7F022414F080027D42C /* Start Packager */,
				13B07F871A680F5B00A75B9A /* Sources */,
				13B07F8C1A680F5B00A75B9A /* Frameworks */,
				13B07F8E1A680F5B00A75B9A /* Resources */,
				00DD1BFF1BD5951E006B06BC /* Bundle React Native code and images */,
				EABACC6EAF2039675704C038 /* [CP] Copy Pods Resources */,
			);
			buildRules = (
			);
			dependencies = (
			);
			name = NobHub;
			productName = NobHub;
			productReference = 13B07F961A680F5B00A75B9A /* NobHub.app */;
			productType = "com.apple.product-type.application";
		};
		2D02E47A1E0B4A5D006451C7 /* NobHub-tvOS */ = {
			isa = PBXNativeTarget;
			buildConfigurationList = 2D02E4BA1E0B4A5E006451C7 /* Build configuration list for PBXNativeTarget "NobHub-tvOS" */;
			buildPhases = (
				B246D77843C6E653512E00E8 /* [CP] Check Pods Manifest.lock */,
				FD10A7F122414F3F0027D42C /* Start Packager */,
				2D02E4771E0B4A5D006451C7 /* Sources */,
				2D02E4781E0B4A5D006451C7 /* Frameworks */,
				2D02E4791E0B4A5D006451C7 /* Resources */,
				2D02E4CB1E0B4B27006451C7 /* Bundle React Native Code And Images */,
			);
			buildRules = (
			);
			dependencies = (
			);
			name = "NobHub-tvOS";
			productName = "NobHub-tvOS";
			productReference = 2D02E47B1E0B4A5D006451C7 /* NobHub-tvOS.app */;
			productType = "com.apple.product-type.application";
		};
		2D02E48F1E0B4A5D006451C7 /* NobHub-tvOSTests */ = {
			isa = PBXNativeTarget;
			buildConfigurationList = 2D02E4BB1E0B4A5E006451C7 /* Build configuration list for PBXNativeTarget "NobHub-tvOSTests" */;
			buildPhases = (
				1C1BAAC8C47255C4B1E52DFE /* [CP] Check Pods Manifest.lock */,
				2D02E48C1E0B4A5D006451C7 /* Sources */,
				2D02E48D1E0B4A5D006451C7 /* Frameworks */,
				2D02E48E1E0B4A5D006451C7 /* Resources */,
			);
			buildRules = (
			);
			dependencies = (
				2D02E4921E0B4A5D006451C7 /* PBXTargetDependency */,
			);
			name = "NobHub-tvOSTests";
			productName = "NobHub-tvOSTests";
			productReference = 2D02E4901E0B4A5D006451C7 /* NobHub-tvOSTests.xctest */;
			productType = "com.apple.product-type.bundle.unit-test";
		};
/* End PBXNativeTarget section */

/* Begin PBXProject section */
		83CBB9F71A601CBA00E9B192 /* Project object */ = {
			isa = PBXProject;
			attributes = {
				LastUpgradeCheck = 940;
				ORGANIZATIONNAME = Facebook;
				TargetAttributes = {
					00E356ED1AD99517003FC87E = {
						CreatedOnToolsVersion = 6.2;
						TestTargetID = 13B07F861A680F5B00A75B9A;
					};
					13B07F861A680F5B00A75B9A = {
						DevelopmentTeam = 4RVD9K89ZB;
						ProvisioningStyle = Automatic;
					};
					2D02E47A1E0B4A5D006451C7 = {
						CreatedOnToolsVersion = 8.2.1;
						DevelopmentTeam = 4RVD9K89ZB;
						ProvisioningStyle = Automatic;
					};
					2D02E48F1E0B4A5D006451C7 = {
						CreatedOnToolsVersion = 8.2.1;
						DevelopmentTeam = 4RVD9K89ZB;
						ProvisioningStyle = Automatic;
						TestTargetID = 2D02E47A1E0B4A5D006451C7;
					};
				};
			};
			buildConfigurationList = 83CBB9FA1A601CBA00E9B192 /* Build configuration list for PBXProject "NobHub" */;
			compatibilityVersion = "Xcode 3.2";
			developmentRegion = English;
			hasScannedForEncodings = 0;
			knownRegions = (
				English,
				en,
				Base,
			);
			mainGroup = 83CBB9F61A601CBA00E9B192;
			productRefGroup = 83CBBA001A601CBA00E9B192 /* Products */;
			projectDirPath = "";
			projectRoot = "";
			targets = (
				13B07F861A680F5B00A75B9A /* NobHub */,
				00E356ED1AD99517003FC87E /* NobHubTests */,
				2D02E47A1E0B4A5D006451C7 /* NobHub-tvOS */,
				2D02E48F1E0B4A5D006451C7 /* NobHub-tvOSTests */,
			);
		};
/* End PBXProject section */

/* Begin PBXResourcesBuildPhase section */
		00E356EC1AD99517003FC87E /* Resources */ = {
			isa = PBXResourcesBuildPhase;
			buildActionMask = 2147483647;
			files = (
			);
			runOnlyForDeploymentPostprocessing = 0;
		};
		13B07F8E1A680F5B00A75B9A /* Resources */ = {
			isa = PBXResourcesBuildPhase;
			buildActionMask = 2147483647;
			files = (
				13B07FBF1A68108700A75B9A /* Images.xcassets in Resources */,
				13B07FBD1A68108700A75B9A /* LaunchScreen.xib in Resources */,
				5B865DE623FC270300683986 /* GoogleService-Info.plist in Resources */,
				4098049757F0492D94816CAB /* Roboto_medium.ttf in Resources */,
				F2273D7475F1438D8197379C /* Roboto.ttf in Resources */,
				04B41762DB124F87BD74C32B /* rubicon-icon-font.ttf in Resources */,
				C8C0DED036254C0CACC6FAE2 /* Gilroy-ExtraBold.otf in Resources */,
				BDEE0B3E2E01457F903686B3 /* Gilroy-Light.otf in Resources */,
				203C546F2E69424E93E9D269 /* Radomir Tinkov - Gilroy-Black.otf in Resources */,
				50DB524EF2094B9983B9A9AC /* Radomir Tinkov - Gilroy-Bold.otf in Resources */,
				D1AB08DE8E224116ACD82AAA /* Radomir Tinkov - Gilroy-Heavy.otf in Resources */,
				3DB20E4A50A946ED84D3B705 /* Radomir Tinkov - Gilroy-Medium.otf in Resources */,
				3C36E75780CE4921A226199B /* Radomir Tinkov - Gilroy-Regular.otf in Resources */,
				E5C11DF5F09B4429ABD25138 /* Radomir Tinkov - Gilroy-Thin.otf in Resources */,
				541D86029A7D46C6BAB38B85 /* AntDesign.ttf in Resources */,
				F0EA8195287E436183A81AED /* Entypo.ttf in Resources */,
				8DD8D42B3697465B818ABA4D /* EvilIcons.ttf in Resources */,
				ACF7959C795641B894EF9537 /* Feather.ttf in Resources */,
				4F64742FBD1A47B581E8D083 /* FontAwesome.ttf in Resources */,
				2B571D8ED1CF4BE7B0F9A123 /* FontAwesome5_Brands.ttf in Resources */,
				7F2E6C52DFF446D9B9CEBA57 /* FontAwesome5_Regular.ttf in Resources */,
				A8334B2400AE471CAF8F11E9 /* FontAwesome5_Solid.ttf in Resources */,
				045F48B0898B44BF8D436067 /* Fontisto.ttf in Resources */,
				0369AC976E164986AE9B7C68 /* Foundation.ttf in Resources */,
				1EC19B9904E349FF88F7474B /* MaterialCommunityIcons.ttf in Resources */,
				8AC2C15E926443AE992C9C21 /* MaterialIcons.ttf in Resources */,
				DDD2F5FA86794EA69886B102 /* Octicons.ttf in Resources */,
				41B76A6BE2C44D3589DD971B /* SimpleLineIcons.ttf in Resources */,
				6803C83B67754DFAAC7326C1 /* Zocial.ttf in Resources */,
				DC2C827E5C5F495A81ED3F7B /* Ionicons.ttf in Resources */,
			);
			runOnlyForDeploymentPostprocessing = 0;
		};
		2D02E4791E0B4A5D006451C7 /* Resources */ = {
			isa = PBXResourcesBuildPhase;
			buildActionMask = 2147483647;
			files = (
				2D02E4BD1E0B4A84006451C7 /* Images.xcassets in Resources */,
			);
			runOnlyForDeploymentPostprocessing = 0;
		};
		2D02E48E1E0B4A5D006451C7 /* Resources */ = {
			isa = PBXResourcesBuildPhase;
			buildActionMask = 2147483647;
			files = (
			);
			runOnlyForDeploymentPostprocessing = 0;
		};
/* End PBXResourcesBuildPhase section */

/* Begin PBXShellScriptBuildPhase section */
		00DD1BFF1BD5951E006B06BC /* Bundle React Native code and images */ = {
			isa = PBXShellScriptBuildPhase;
			buildActionMask = 2147483647;
			files = (
			);
			inputPaths = (
			);
			name = "Bundle React Native code and images";
			outputPaths = (
			);
			runOnlyForDeploymentPostprocessing = 0;
			shellPath = /bin/sh;
			shellScript = "export NODE_BINARY=node\n../node_modules/react-native/scripts/react-native-xcode.sh\n";
		};
		1C1BAAC8C47255C4B1E52DFE /* [CP] Check Pods Manifest.lock */ = {
			isa = PBXShellScriptBuildPhase;
			buildActionMask = 2147483647;
			files = (
			);
			inputFileListPaths = (
			);
			inputPaths = (
				"${PODS_PODFILE_DIR_PATH}/Podfile.lock",
				"${PODS_ROOT}/Manifest.lock",
			);
			name = "[CP] Check Pods Manifest.lock";
			outputFileListPaths = (
			);
			outputPaths = (
				"$(DERIVED_FILE_DIR)/Pods-NobHub-tvOSTests-checkManifestLockResult.txt",
			);
			runOnlyForDeploymentPostprocessing = 0;
			shellPath = /bin/sh;
			shellScript = "diff \"${PODS_PODFILE_DIR_PATH}/Podfile.lock\" \"${PODS_ROOT}/Manifest.lock\" > /dev/null\nif [ $? != 0 ] ; then\n    # print error to STDERR\n    echo \"error: The sandbox is not in sync with the Podfile.lock. Run 'pod install' or update your CocoaPods installation.\" >&2\n    exit 1\nfi\n# This output is used by Xcode 'outputs' to avoid re-running this script phase.\necho \"SUCCESS\" > \"${SCRIPT_OUTPUT_FILE_0}\"\n";
			showEnvVarsInLog = 0;
		};
		2D02E4CB1E0B4B27006451C7 /* Bundle React Native Code And Images */ = {
			isa = PBXShellScriptBuildPhase;
			buildActionMask = 2147483647;
			files = (
			);
			inputPaths = (
			);
			name = "Bundle React Native Code And Images";
			outputPaths = (
			);
			runOnlyForDeploymentPostprocessing = 0;
			shellPath = /bin/sh;
			shellScript = "export NODE_BINARY=node\n../node_modules/react-native/scripts/react-native-xcode.sh";
		};
		58E7F038098CE21F2840DD1F /* [CP] Check Pods Manifest.lock */ = {
			isa = PBXShellScriptBuildPhase;
			buildActionMask = 2147483647;
			files = (
			);
			inputFileListPaths = (
			);
			inputPaths = (
				"${PODS_PODFILE_DIR_PATH}/Podfile.lock",
				"${PODS_ROOT}/Manifest.lock",
			);
			name = "[CP] Check Pods Manifest.lock";
			outputFileListPaths = (
			);
			outputPaths = (
				"$(DERIVED_FILE_DIR)/Pods-NobHubTests-checkManifestLockResult.txt",
			);
			runOnlyForDeploymentPostprocessing = 0;
			shellPath = /bin/sh;
			shellScript = "diff \"${PODS_PODFILE_DIR_PATH}/Podfile.lock\" \"${PODS_ROOT}/Manifest.lock\" > /dev/null\nif [ $? != 0 ] ; then\n    # print error to STDERR\n    echo \"error: The sandbox is not in sync with the Podfile.lock. Run 'pod install' or update your CocoaPods installation.\" >&2\n    exit 1\nfi\n# This output is used by Xcode 'outputs' to avoid re-running this script phase.\necho \"SUCCESS\" > \"${SCRIPT_OUTPUT_FILE_0}\"\n";
			showEnvVarsInLog = 0;
		};
		B246D77843C6E653512E00E8 /* [CP] Check Pods Manifest.lock */ = {
			isa = PBXShellScriptBuildPhase;
			buildActionMask = 2147483647;
			files = (
			);
			inputFileListPaths = (
			);
			inputPaths = (
				"${PODS_PODFILE_DIR_PATH}/Podfile.lock",
				"${PODS_ROOT}/Manifest.lock",
			);
			name = "[CP] Check Pods Manifest.lock";
			outputFileListPaths = (
			);
			outputPaths = (
				"$(DERIVED_FILE_DIR)/Pods-NobHub-tvOS-checkManifestLockResult.txt",
			);
			runOnlyForDeploymentPostprocessing = 0;
			shellPath = /bin/sh;
			shellScript = "diff \"${PODS_PODFILE_DIR_PATH}/Podfile.lock\" \"${PODS_ROOT}/Manifest.lock\" > /dev/null\nif [ $? != 0 ] ; then\n    # print error to STDERR\n    echo \"error: The sandbox is not in sync with the Podfile.lock. Run 'pod install' or update your CocoaPods installation.\" >&2\n    exit 1\nfi\n# This output is used by Xcode 'outputs' to avoid re-running this script phase.\necho \"SUCCESS\" > \"${SCRIPT_OUTPUT_FILE_0}\"\n";
			showEnvVarsInLog = 0;
		};
		CA24B72653A7B956E253696B /* [CP] Check Pods Manifest.lock */ = {
			isa = PBXShellScriptBuildPhase;
			buildActionMask = 2147483647;
			files = (
			);
			inputFileListPaths = (
			);
			inputPaths = (
				"${PODS_PODFILE_DIR_PATH}/Podfile.lock",
				"${PODS_ROOT}/Manifest.lock",
			);
			name = "[CP] Check Pods Manifest.lock";
			outputFileListPaths = (
			);
			outputPaths = (
				"$(DERIVED_FILE_DIR)/Pods-NobHub-checkManifestLockResult.txt",
			);
			runOnlyForDeploymentPostprocessing = 0;
			shellPath = /bin/sh;
			shellScript = "diff \"${PODS_PODFILE_DIR_PATH}/Podfile.lock\" \"${PODS_ROOT}/Manifest.lock\" > /dev/null\nif [ $? != 0 ] ; then\n    # print error to STDERR\n    echo \"error: The sandbox is not in sync with the Podfile.lock. Run 'pod install' or update your CocoaPods installation.\" >&2\n    exit 1\nfi\n# This output is used by Xcode 'outputs' to avoid re-running this script phase.\necho \"SUCCESS\" > \"${SCRIPT_OUTPUT_FILE_0}\"\n";
			showEnvVarsInLog = 0;
		};
		EABACC6EAF2039675704C038 /* [CP] Copy Pods Resources */ = {
			isa = PBXShellScriptBuildPhase;
			buildActionMask = 12;
			files = (
			);
			inputPaths = (
				"${PODS_ROOT}/Target Support Files/Pods-NobHub/Pods-NobHub-resources.sh",
				"${PODS_CONFIGURATION_BUILD_DIR}/QBImagePickerController/QBImagePicker.bundle",
				"${PODS_ROOT}/../../node_modules/react-native-vector-icons/Fonts/AntDesign.ttf",
				"${PODS_ROOT}/../../node_modules/react-native-vector-icons/Fonts/Entypo.ttf",
				"${PODS_ROOT}/../../node_modules/react-native-vector-icons/Fonts/EvilIcons.ttf",
				"${PODS_ROOT}/../../node_modules/react-native-vector-icons/Fonts/Feather.ttf",
				"${PODS_ROOT}/../../node_modules/react-native-vector-icons/Fonts/FontAwesome.ttf",
				"${PODS_ROOT}/../../node_modules/react-native-vector-icons/Fonts/FontAwesome5_Brands.ttf",
				"${PODS_ROOT}/../../node_modules/react-native-vector-icons/Fonts/FontAwesome5_Regular.ttf",
				"${PODS_ROOT}/../../node_modules/react-native-vector-icons/Fonts/FontAwesome5_Solid.ttf",
				"${PODS_ROOT}/../../node_modules/react-native-vector-icons/Fonts/Fontisto.ttf",
				"${PODS_ROOT}/../../node_modules/react-native-vector-icons/Fonts/Foundation.ttf",
				"${PODS_ROOT}/../../node_modules/react-native-vector-icons/Fonts/Ionicons.ttf",
				"${PODS_ROOT}/../../node_modules/react-native-vector-icons/Fonts/MaterialCommunityIcons.ttf",
				"${PODS_ROOT}/../../node_modules/react-native-vector-icons/Fonts/MaterialIcons.ttf",
				"${PODS_ROOT}/../../node_modules/react-native-vector-icons/Fonts/Octicons.ttf",
				"${PODS_ROOT}/../../node_modules/react-native-vector-icons/Fonts/SimpleLineIcons.ttf",
				"${PODS_ROOT}/../../node_modules/react-native-vector-icons/Fonts/Zocial.ttf",
				"${PODS_ROOT}/RSKImageCropper/RSKImageCropper/RSKImageCropperStrings.bundle",
				"${PODS_CONFIGURATION_BUILD_DIR}/gRPC-C++/gRPCCertificates-Cpp.bundle",
			);
			name = "[CP] Copy Pods Resources";
			outputPaths = (
				"${TARGET_BUILD_DIR}/${UNLOCALIZED_RESOURCES_FOLDER_PATH}/QBImagePicker.bundle",
				"${TARGET_BUILD_DIR}/${UNLOCALIZED_RESOURCES_FOLDER_PATH}/AntDesign.ttf",
				"${TARGET_BUILD_DIR}/${UNLOCALIZED_RESOURCES_FOLDER_PATH}/Entypo.ttf",
				"${TARGET_BUILD_DIR}/${UNLOCALIZED_RESOURCES_FOLDER_PATH}/EvilIcons.ttf",
				"${TARGET_BUILD_DIR}/${UNLOCALIZED_RESOURCES_FOLDER_PATH}/Feather.ttf",
				"${TARGET_BUILD_DIR}/${UNLOCALIZED_RESOURCES_FOLDER_PATH}/FontAwesome.ttf",
				"${TARGET_BUILD_DIR}/${UNLOCALIZED_RESOURCES_FOLDER_PATH}/FontAwesome5_Brands.ttf",
				"${TARGET_BUILD_DIR}/${UNLOCALIZED_RESOURCES_FOLDER_PATH}/FontAwesome5_Regular.ttf",
				"${TARGET_BUILD_DIR}/${UNLOCALIZED_RESOURCES_FOLDER_PATH}/FontAwesome5_Solid.ttf",
				"${TARGET_BUILD_DIR}/${UNLOCALIZED_RESOURCES_FOLDER_PATH}/Fontisto.ttf",
				"${TARGET_BUILD_DIR}/${UNLOCALIZED_RESOURCES_FOLDER_PATH}/Foundation.ttf",
				"${TARGET_BUILD_DIR}/${UNLOCALIZED_RESOURCES_FOLDER_PATH}/Ionicons.ttf",
				"${TARGET_BUILD_DIR}/${UNLOCALIZED_RESOURCES_FOLDER_PATH}/MaterialCommunityIcons.ttf",
				"${TARGET_BUILD_DIR}/${UNLOCALIZED_RESOURCES_FOLDER_PATH}/MaterialIcons.ttf",
				"${TARGET_BUILD_DIR}/${UNLOCALIZED_RESOURCES_FOLDER_PATH}/Octicons.ttf",
				"${TARGET_BUILD_DIR}/${UNLOCALIZED_RESOURCES_FOLDER_PATH}/SimpleLineIcons.ttf",
				"${TARGET_BUILD_DIR}/${UNLOCALIZED_RESOURCES_FOLDER_PATH}/Zocial.ttf",
				"${TARGET_BUILD_DIR}/${UNLOCALIZED_RESOURCES_FOLDER_PATH}/RSKImageCropperStrings.bundle",
				"${TARGET_BUILD_DIR}/${UNLOCALIZED_RESOURCES_FOLDER_PATH}/gRPCCertificates-Cpp.bundle",
			);
			runOnlyForDeploymentPostprocessing = 0;
			shellPath = /bin/sh;
			shellScript = "\"${PODS_ROOT}/Target Support Files/Pods-NobHub/Pods-NobHub-resources.sh\"\n";
			showEnvVarsInLog = 0;
		};
		FD10A7F022414F080027D42C /* Start Packager */ = {
			isa = PBXShellScriptBuildPhase;
			buildActionMask = 2147483647;
			files = (
			);
			inputFileListPaths = (
			);
			inputPaths = (
			);
			name = "Start Packager";
			outputFileListPaths = (
			);
			outputPaths = (
			);
			runOnlyForDeploymentPostprocessing = 0;
			shellPath = /bin/sh;
			shellScript = "export RCT_METRO_PORT=\"${RCT_METRO_PORT:=8081}\"\necho \"export RCT_METRO_PORT=${RCT_METRO_PORT}\" > \"${SRCROOT}/../node_modules/react-native/scripts/.packager.env\"\nif [ -z \"${RCT_NO_LAUNCH_PACKAGER+xxx}\" ] ; then\n  if nc -w 5 -z localhost ${RCT_METRO_PORT} ; then\n    if ! curl -s \"http://localhost:${RCT_METRO_PORT}/status\" | grep -q \"packager-status:running\" ; then\n      echo \"Port ${RCT_METRO_PORT} already in use, packager is either not running or not running correctly\"\n      exit 2\n    fi\n  else\n    open \"$SRCROOT/../node_modules/react-native/scripts/launchPackager.command\" || echo \"Can't start packager automatically\"\n  fi\nfi\n";
			showEnvVarsInLog = 0;
		};
		FD10A7F122414F3F0027D42C /* Start Packager */ = {
			isa = PBXShellScriptBuildPhase;
			buildActionMask = 2147483647;
			files = (
			);
			inputFileListPaths = (
			);
			inputPaths = (
			);
			name = "Start Packager";
			outputFileListPaths = (
			);
			outputPaths = (
			);
			runOnlyForDeploymentPostprocessing = 0;
			shellPath = /bin/sh;
			shellScript = "export RCT_METRO_PORT=\"${RCT_METRO_PORT:=8081}\"\necho \"export RCT_METRO_PORT=${RCT_METRO_PORT}\" > \"${SRCROOT}/../node_modules/react-native/scripts/.packager.env\"\nif [ -z \"${RCT_NO_LAUNCH_PACKAGER+xxx}\" ] ; then\n  if nc -w 5 -z localhost ${RCT_METRO_PORT} ; then\n    if ! curl -s \"http://localhost:${RCT_METRO_PORT}/status\" | grep -q \"packager-status:running\" ; then\n      echo \"Port ${RCT_METRO_PORT} already in use, packager is either not running or not running correctly\"\n      exit 2\n    fi\n  else\n    open \"$SRCROOT/../node_modules/react-native/scripts/launchPackager.command\" || echo \"Can't start packager automatically\"\n  fi\nfi\n";
			showEnvVarsInLog = 0;
		};
/* End PBXShellScriptBuildPhase section */

/* Begin PBXSourcesBuildPhase section */
		00E356EA1AD99517003FC87E /* Sources */ = {
			isa = PBXSourcesBuildPhase;
			buildActionMask = 2147483647;
			files = (
				00E356F31AD99517003FC87E /* NobHubTests.m in Sources */,
			);
			runOnlyForDeploymentPostprocessing = 0;
		};
		13B07F871A680F5B00A75B9A /* Sources */ = {
			isa = PBXSourcesBuildPhase;
			buildActionMask = 2147483647;
			files = (
				13B07FBC1A68108700A75B9A /* AppDelegate.m in Sources */,
				13B07FC11A68108700A75B9A /* main.m in Sources */,
			);
			runOnlyForDeploymentPostprocessing = 0;
		};
		2D02E4771E0B4A5D006451C7 /* Sources */ = {
			isa = PBXSourcesBuildPhase;
			buildActionMask = 2147483647;
			files = (
				2D02E4BF1E0B4AB3006451C7 /* main.m in Sources */,
				2D02E4BC1E0B4A80006451C7 /* AppDelegate.m in Sources */,
			);
			runOnlyForDeploymentPostprocessing = 0;
		};
		2D02E48C1E0B4A5D006451C7 /* Sources */ = {
			isa = PBXSourcesBuildPhase;
			buildActionMask = 2147483647;
			files = (
				2DCD954D1E0B4F2C00145EB5 /* NobHubTests.m in Sources */,
			);
			runOnlyForDeploymentPostprocessing = 0;
		};
/* End PBXSourcesBuildPhase section */

/* Begin PBXTargetDependency section */
		00E356F51AD99517003FC87E /* PBXTargetDependency */ = {
			isa = PBXTargetDependency;
			target = 13B07F861A680F5B00A75B9A /* NobHub */;
			targetProxy = 00E356F41AD99517003FC87E /* PBXContainerItemProxy */;
		};
		2D02E4921E0B4A5D006451C7 /* PBXTargetDependency */ = {
			isa = PBXTargetDependency;
			target = 2D02E47A1E0B4A5D006451C7 /* NobHub-tvOS */;
			targetProxy = 2D02E4911E0B4A5D006451C7 /* PBXContainerItemProxy */;
		};
/* End PBXTargetDependency section */

/* Begin PBXVariantGroup section */
		13B07FB11A68108700A75B9A /* LaunchScreen.xib */ = {
			isa = PBXVariantGroup;
			children = (
				13B07FB21A68108700A75B9A /* Base */,
			);
			name = LaunchScreen.xib;
			path = NobHub;
			sourceTree = "<group>";
		};
/* End PBXVariantGroup section */

/* Begin XCBuildConfiguration section */
		00E356F61AD99517003FC87E /* Debug */ = {
			isa = XCBuildConfiguration;
			baseConfigurationReference = 5850E55FBF66190619EA8EAB /* Pods-NobHubTests.debug.xcconfig */;
			buildSettings = {
				BUNDLE_LOADER = "$(TEST_HOST)";
				GCC_PREPROCESSOR_DEFINITIONS = (
					"DEBUG=1",
					"$(inherited)",
				);
				HEADER_SEARCH_PATHS = (
					"$(inherited)",
					"$(SRCROOT)/..",
				);
				INFOPLIST_FILE = NobHubTests/Info.plist;
				IPHONEOS_DEPLOYMENT_TARGET = 9.0;
				LD_RUNPATH_SEARCH_PATHS = "$(inherited) @executable_path/Frameworks @loader_path/Frameworks";
				LIBRARY_SEARCH_PATHS = (
					"$(inherited)",
					"\"$(SRCROOT)/$(TARGET_NAME)\"",
				);
				OTHER_LDFLAGS = (
					"-ObjC",
					"-lc++",
					"$(inherited)",
				);
				PRODUCT_BUNDLE_IDENTIFIER = "org.reactjs.native.example.$(PRODUCT_NAME:rfc1034identifier)";
				PRODUCT_NAME = "$(TARGET_NAME)";
				TEST_HOST = "$(BUILT_PRODUCTS_DIR)/NobHub.app/NobHub";
			};
			name = Debug;
		};
		00E356F71AD99517003FC87E /* Release */ = {
			isa = XCBuildConfiguration;
			baseConfigurationReference = 82E70C282235C81F25A621D2 /* Pods-NobHubTests.release.xcconfig */;
			buildSettings = {
				BUNDLE_LOADER = "$(TEST_HOST)";
				"CODE_SIGN_IDENTITY[sdk=macosx*]" = "Apple Development";
				COPY_PHASE_STRIP = NO;
				HEADER_SEARCH_PATHS = (
					"$(inherited)",
					"$(SRCROOT)/..",
				);
				INFOPLIST_FILE = NobHubTests/Info.plist;
				IPHONEOS_DEPLOYMENT_TARGET = 9.0;
				LD_RUNPATH_SEARCH_PATHS = "$(inherited) @executable_path/Frameworks @loader_path/Frameworks";
				LIBRARY_SEARCH_PATHS = (
					"$(inherited)",
					"\"$(SRCROOT)/$(TARGET_NAME)\"",
				);
				OTHER_LDFLAGS = (
					"-ObjC",
					"-lc++",
					"$(inherited)",
				);
				PRODUCT_BUNDLE_IDENTIFIER = "org.reactjs.native.example.$(PRODUCT_NAME:rfc1034identifier)";
				PRODUCT_NAME = "$(TARGET_NAME)";
				TEST_HOST = "$(BUILT_PRODUCTS_DIR)/NobHub.app/NobHub";
			};
			name = Release;
		};
		13B07F941A680F5B00A75B9A /* Debug */ = {
			isa = XCBuildConfiguration;
			baseConfigurationReference = 8FA14C2AA6EA19A3A87E829C /* Pods-NobHub.debug.xcconfig */;
			buildSettings = {
				"ARCHS[sdk=*]" = "$(ARCHS_STANDARD)";
				ASSETCATALOG_COMPILER_APPICON_NAME = AppIcon;
				CODE_SIGN_ENTITLEMENTS = NobHub/NobHub.entitlements;
				CODE_SIGN_IDENTITY = "Apple Development";
				CODE_SIGN_STYLE = Automatic;
				CURRENT_PROJECT_VERSION = 1;
				DEAD_CODE_STRIPPING = NO;
				DEVELOPMENT_TEAM = 4RVD9K89ZB;
				HEADER_SEARCH_PATHS = (
					"$(inherited)",
					"$(SRCROOT)/..",
				);
				INFOPLIST_FILE = NobHub/Info.plist;
				LD_RUNPATH_SEARCH_PATHS = "$(inherited) @executable_path/Frameworks";
				ONLY_ACTIVE_ARCH = YES;
				OTHER_LDFLAGS = (
					"-ObjC",
					"$(inherited)",
				);
				"OTHER_LDFLAGS[arch=*]" = (
					"$(inherited)",
					"-ObjC",
				);
				PRODUCT_BUNDLE_IDENTIFIER = com.nobhub;
				PRODUCT_NAME = NobHub;
				PROVISIONING_PROFILE_SPECIFIER = "";
				VERSIONING_SYSTEM = "apple-generic";
			};
			name = Debug;
		};
		13B07F951A680F5B00A75B9A /* Release */ = {
			isa = XCBuildConfiguration;
			baseConfigurationReference = AAE30E1272EBC1E31D7B6BD7 /* Pods-NobHub.release.xcconfig */;
			buildSettings = {
				ASSETCATALOG_COMPILER_APPICON_NAME = AppIcon;
				CODE_SIGN_ENTITLEMENTS = NobHub/NobHub.entitlements;
				CODE_SIGN_IDENTITY = "Apple Development";
				CODE_SIGN_STYLE = Automatic;
				CURRENT_PROJECT_VERSION = 1;
				DEVELOPMENT_TEAM = 4RVD9K89ZB;
				HEADER_SEARCH_PATHS = (
					"$(inherited)",
					"$(SRCROOT)/..",
				);
				INFOPLIST_FILE = NobHub/Info.plist;
				LD_RUNPATH_SEARCH_PATHS = "$(inherited) @executable_path/Frameworks";
				ONLY_ACTIVE_ARCH = YES;
				OTHER_LDFLAGS = (
					"$(inherited)",
					"-ObjC",
				);
				PRODUCT_BUNDLE_IDENTIFIER = com.nobhub;
				PRODUCT_NAME = NobHub;
				PROVISIONING_PROFILE_SPECIFIER = "";
				VERSIONING_SYSTEM = "apple-generic";
			};
			name = Release;
		};
		2D02E4971E0B4A5E006451C7 /* Debug */ = {
			isa = XCBuildConfiguration;
			baseConfigurationReference = 064104195CB9493A0E3621BB /* Pods-NobHub-tvOS.debug.xcconfig */;
			buildSettings = {
				ASSETCATALOG_COMPILER_APPICON_NAME = "App Icon & Top Shelf Image";
				ASSETCATALOG_COMPILER_LAUNCHIMAGE_NAME = LaunchImage;
				CLANG_ANALYZER_NONNULL = YES;
				CLANG_WARN_DOCUMENTATION_COMMENTS = YES;
				CLANG_WARN_INFINITE_RECURSION = YES;
				CLANG_WARN_SUSPICIOUS_MOVE = YES;
				CODE_SIGN_IDENTITY = "Apple Development";
				CODE_SIGN_STYLE = Automatic;
				DEBUG_INFORMATION_FORMAT = dwarf;
				DEVELOPMENT_TEAM = 4RVD9K89ZB;
				ENABLE_TESTABILITY = YES;
				GCC_NO_COMMON_BLOCKS = YES;
				HEADER_SEARCH_PATHS = (
					"$(inherited)",
					"$(SRCROOT)/..",
				);
				INFOPLIST_FILE = "NobHub-tvOS/Info.plist";
				LD_RUNPATH_SEARCH_PATHS = "$(inherited) @executable_path/Frameworks";
				LIBRARY_SEARCH_PATHS = (
					"$(inherited)",
					"\"$(SRCROOT)/$(TARGET_NAME)\"",
				);
				OTHER_LDFLAGS = (
					"$(inherited)",
					"-ObjC",
					"-lc++",
				);
				PRODUCT_BUNDLE_IDENTIFIER = com.nobhub;
				PRODUCT_NAME = "$(TARGET_NAME)";
				PROVISIONING_PROFILE_SPECIFIER = "";
				SDKROOT = appletvos;
				TARGETED_DEVICE_FAMILY = 3;
				TVOS_DEPLOYMENT_TARGET = 9.2;
			};
			name = Debug;
		};
		2D02E4981E0B4A5E006451C7 /* Release */ = {
			isa = XCBuildConfiguration;
			baseConfigurationReference = 784BB14B9C83C0DD0DC8B19F /* Pods-NobHub-tvOS.release.xcconfig */;
			buildSettings = {
				ASSETCATALOG_COMPILER_APPICON_NAME = "App Icon & Top Shelf Image";
				ASSETCATALOG_COMPILER_LAUNCHIMAGE_NAME = LaunchImage;
				CLANG_ANALYZER_NONNULL = YES;
				CLANG_WARN_DOCUMENTATION_COMMENTS = YES;
				CLANG_WARN_INFINITE_RECURSION = YES;
				CLANG_WARN_SUSPICIOUS_MOVE = YES;
				CODE_SIGN_IDENTITY = "Apple Development";
				CODE_SIGN_STYLE = Automatic;
				COPY_PHASE_STRIP = NO;
				DEBUG_INFORMATION_FORMAT = "dwarf-with-dsym";
				DEVELOPMENT_TEAM = 4RVD9K89ZB;
				GCC_NO_COMMON_BLOCKS = YES;
				HEADER_SEARCH_PATHS = (
					"$(inherited)",
					"$(SRCROOT)/..",
				);
				INFOPLIST_FILE = "NobHub-tvOS/Info.plist";
				LD_RUNPATH_SEARCH_PATHS = "$(inherited) @executable_path/Frameworks";
				LIBRARY_SEARCH_PATHS = (
					"$(inherited)",
					"\"$(SRCROOT)/$(TARGET_NAME)\"",
				);
				OTHER_LDFLAGS = (
					"$(inherited)",
					"-ObjC",
					"-lc++",
				);
				PRODUCT_BUNDLE_IDENTIFIER = com.nobhub;
				PRODUCT_NAME = "$(TARGET_NAME)";
				PROVISIONING_PROFILE_SPECIFIER = "";
				SDKROOT = appletvos;
				TARGETED_DEVICE_FAMILY = 3;
				TVOS_DEPLOYMENT_TARGET = 9.2;
			};
			name = Release;
		};
		2D02E4991E0B4A5E006451C7 /* Debug */ = {
			isa = XCBuildConfiguration;
			baseConfigurationReference = B33341454DFDD65B16F7955B /* Pods-NobHub-tvOSTests.debug.xcconfig */;
			buildSettings = {
				BUNDLE_LOADER = "$(TEST_HOST)";
				CLANG_ANALYZER_NONNULL = YES;
				CLANG_WARN_DOCUMENTATION_COMMENTS = YES;
				CLANG_WARN_INFINITE_RECURSION = YES;
				CLANG_WARN_SUSPICIOUS_MOVE = YES;
				DEBUG_INFORMATION_FORMAT = dwarf;
				DEVELOPMENT_TEAM = 4RVD9K89ZB;
				ENABLE_TESTABILITY = YES;
				GCC_NO_COMMON_BLOCKS = YES;
				HEADER_SEARCH_PATHS = (
					"$(inherited)",
					"$(SRCROOT)/..",
				);
				INFOPLIST_FILE = "NobHub-tvOSTests/Info.plist";
				LD_RUNPATH_SEARCH_PATHS = "$(inherited) @executable_path/Frameworks @loader_path/Frameworks";
				LIBRARY_SEARCH_PATHS = (
					"$(inherited)",
					"\"$(SRCROOT)/$(TARGET_NAME)\"",
				);
				OTHER_LDFLAGS = (
					"$(inherited)",
					"-ObjC",
					"-lc++",
				);
				PRODUCT_BUNDLE_IDENTIFIER = "com.facebook.REACT.NobHub-tvOSTests";
				PRODUCT_NAME = "$(TARGET_NAME)";
				SDKROOT = appletvos;
				TEST_HOST = "$(BUILT_PRODUCTS_DIR)/NobHub-tvOS.app/NobHub-tvOS";
				TVOS_DEPLOYMENT_TARGET = 10.1;
			};
			name = Debug;
		};
		2D02E49A1E0B4A5E006451C7 /* Release */ = {
			isa = XCBuildConfiguration;
			baseConfigurationReference = 25C8AD807E1C659C857F5714 /* Pods-NobHub-tvOSTests.release.xcconfig */;
			buildSettings = {
				BUNDLE_LOADER = "$(TEST_HOST)";
				CLANG_ANALYZER_NONNULL = YES;
				CLANG_WARN_DOCUMENTATION_COMMENTS = YES;
				CLANG_WARN_INFINITE_RECURSION = YES;
				CLANG_WARN_SUSPICIOUS_MOVE = YES;
				COPY_PHASE_STRIP = NO;
				DEBUG_INFORMATION_FORMAT = "dwarf-with-dsym";
				DEVELOPMENT_TEAM = 4RVD9K89ZB;
				GCC_NO_COMMON_BLOCKS = YES;
				HEADER_SEARCH_PATHS = (
					"$(inherited)",
					"$(SRCROOT)/..",
				);
				INFOPLIST_FILE = "NobHub-tvOSTests/Info.plist";
				LD_RUNPATH_SEARCH_PATHS = "$(inherited) @executable_path/Frameworks @loader_path/Frameworks";
				LIBRARY_SEARCH_PATHS = (
					"$(inherited)",
					"\"$(SRCROOT)/$(TARGET_NAME)\"",
				);
				OTHER_LDFLAGS = (
					"$(inherited)",
					"-ObjC",
					"-lc++",
				);
				PRODUCT_BUNDLE_IDENTIFIER = "com.facebook.REACT.NobHub-tvOSTests";
				PRODUCT_NAME = "$(TARGET_NAME)";
				SDKROOT = appletvos;
				TEST_HOST = "$(BUILT_PRODUCTS_DIR)/NobHub-tvOS.app/NobHub-tvOS";
				TVOS_DEPLOYMENT_TARGET = 10.1;
			};
			name = Release;
		};
		83CBBA201A601CBA00E9B192 /* Debug */ = {
			isa = XCBuildConfiguration;
			buildSettings = {
				ALWAYS_SEARCH_USER_PATHS = NO;
				CLANG_CXX_LANGUAGE_STANDARD = "gnu++0x";
				CLANG_CXX_LIBRARY = "libc++";
				CLANG_ENABLE_MODULES = YES;
				CLANG_ENABLE_OBJC_ARC = YES;
				CLANG_WARN_BLOCK_CAPTURE_AUTORELEASING = YES;
				CLANG_WARN_BOOL_CONVERSION = YES;
				CLANG_WARN_COMMA = YES;
				CLANG_WARN_CONSTANT_CONVERSION = YES;
				CLANG_WARN_DEPRECATED_OBJC_IMPLEMENTATIONS = YES;
				CLANG_WARN_DIRECT_OBJC_ISA_USAGE = YES_ERROR;
				CLANG_WARN_EMPTY_BODY = YES;
				CLANG_WARN_ENUM_CONVERSION = YES;
				CLANG_WARN_INFINITE_RECURSION = YES;
				CLANG_WARN_INT_CONVERSION = YES;
				CLANG_WARN_NON_LITERAL_NULL_CONVERSION = YES;
				CLANG_WARN_OBJC_IMPLICIT_RETAIN_SELF = YES;
				CLANG_WARN_OBJC_LITERAL_CONVERSION = YES;
				CLANG_WARN_OBJC_ROOT_CLASS = YES_ERROR;
				CLANG_WARN_RANGE_LOOP_ANALYSIS = YES;
				CLANG_WARN_STRICT_PROTOTYPES = YES;
				CLANG_WARN_SUSPICIOUS_MOVE = YES;
				CLANG_WARN_UNREACHABLE_CODE = YES;
				CLANG_WARN__DUPLICATE_METHOD_MATCH = YES;
				"CODE_SIGN_IDENTITY[sdk=iphoneos*]" = "iPhone Developer";
				COPY_PHASE_STRIP = NO;
				ENABLE_STRICT_OBJC_MSGSEND = YES;
				ENABLE_TESTABILITY = YES;
				GCC_C_LANGUAGE_STANDARD = gnu99;
				GCC_DYNAMIC_NO_PIC = NO;
				GCC_NO_COMMON_BLOCKS = YES;
				GCC_OPTIMIZATION_LEVEL = 0;
				GCC_PREPROCESSOR_DEFINITIONS = (
					"DEBUG=1",
					"$(inherited)",
				);
				GCC_SYMBOLS_PRIVATE_EXTERN = NO;
				GCC_WARN_64_TO_32_BIT_CONVERSION = YES;
				GCC_WARN_ABOUT_RETURN_TYPE = YES_ERROR;
				GCC_WARN_UNDECLARED_SELECTOR = YES;
				GCC_WARN_UNINITIALIZED_AUTOS = YES_AGGRESSIVE;
				GCC_WARN_UNUSED_FUNCTION = YES;
				GCC_WARN_UNUSED_VARIABLE = YES;
				IPHONEOS_DEPLOYMENT_TARGET = 9.0;
				MTL_ENABLE_DEBUG_INFO = YES;
				ONLY_ACTIVE_ARCH = YES;
				SDKROOT = iphoneos;
			};
			name = Debug;
		};
		83CBBA211A601CBA00E9B192 /* Release */ = {
			isa = XCBuildConfiguration;
			buildSettings = {
				ALWAYS_SEARCH_USER_PATHS = NO;
				CLANG_CXX_LANGUAGE_STANDARD = "gnu++0x";
				CLANG_CXX_LIBRARY = "libc++";
				CLANG_ENABLE_MODULES = YES;
				CLANG_ENABLE_OBJC_ARC = YES;
				CLANG_WARN_BLOCK_CAPTURE_AUTORELEASING = YES;
				CLANG_WARN_BOOL_CONVERSION = YES;
				CLANG_WARN_COMMA = YES;
				CLANG_WARN_CONSTANT_CONVERSION = YES;
				CLANG_WARN_DEPRECATED_OBJC_IMPLEMENTATIONS = YES;
				CLANG_WARN_DIRECT_OBJC_ISA_USAGE = YES_ERROR;
				CLANG_WARN_EMPTY_BODY = YES;
				CLANG_WARN_ENUM_CONVERSION = YES;
				CLANG_WARN_INFINITE_RECURSION = YES;
				CLANG_WARN_INT_CONVERSION = YES;
				CLANG_WARN_NON_LITERAL_NULL_CONVERSION = YES;
				CLANG_WARN_OBJC_IMPLICIT_RETAIN_SELF = YES;
				CLANG_WARN_OBJC_LITERAL_CONVERSION = YES;
				CLANG_WARN_OBJC_ROOT_CLASS = YES_ERROR;
				CLANG_WARN_RANGE_LOOP_ANALYSIS = YES;
				CLANG_WARN_STRICT_PROTOTYPES = YES;
				CLANG_WARN_SUSPICIOUS_MOVE = YES;
				CLANG_WARN_UNREACHABLE_CODE = YES;
				CLANG_WARN__DUPLICATE_METHOD_MATCH = YES;
				"CODE_SIGN_IDENTITY[sdk=iphoneos*]" = "iPhone Developer";
				COPY_PHASE_STRIP = YES;
				ENABLE_NS_ASSERTIONS = NO;
				ENABLE_STRICT_OBJC_MSGSEND = YES;
				GCC_C_LANGUAGE_STANDARD = gnu99;
				GCC_NO_COMMON_BLOCKS = YES;
				GCC_WARN_64_TO_32_BIT_CONVERSION = YES;
				GCC_WARN_ABOUT_RETURN_TYPE = YES_ERROR;
				GCC_WARN_UNDECLARED_SELECTOR = YES;
				GCC_WARN_UNINITIALIZED_AUTOS = YES_AGGRESSIVE;
				GCC_WARN_UNUSED_FUNCTION = YES;
				GCC_WARN_UNUSED_VARIABLE = YES;
				IPHONEOS_DEPLOYMENT_TARGET = 9.0;
				MTL_ENABLE_DEBUG_INFO = NO;
				SDKROOT = iphoneos;
				VALIDATE_PRODUCT = YES;
			};
			name = Release;
		};
/* End XCBuildConfiguration section */

/* Begin XCConfigurationList section */
		00E357021AD99517003FC87E /* Build configuration list for PBXNativeTarget "NobHubTests" */ = {
			isa = XCConfigurationList;
			buildConfigurations = (
				00E356F61AD99517003FC87E /* Debug */,
				00E356F71AD99517003FC87E /* Release */,
			);
			defaultConfigurationIsVisible = 0;
			defaultConfigurationName = Release;
		};
		13B07F931A680F5B00A75B9A /* Build configuration list for PBXNativeTarget "NobHub" */ = {
			isa = XCConfigurationList;
			buildConfigurations = (
				13B07F941A680F5B00A75B9A /* Debug */,
				13B07F951A680F5B00A75B9A /* Release */,
			);
			defaultConfigurationIsVisible = 0;
			defaultConfigurationName = Release;
		};
		2D02E4BA1E0B4A5E006451C7 /* Build configuration list for PBXNativeTarget "NobHub-tvOS" */ = {
			isa = XCConfigurationList;
			buildConfigurations = (
				2D02E4971E0B4A5E006451C7 /* Debug */,
				2D02E4981E0B4A5E006451C7 /* Release */,
			);
			defaultConfigurationIsVisible = 0;
			defaultConfigurationName = Release;
		};
		2D02E4BB1E0B4A5E006451C7 /* Build configuration list for PBXNativeTarget "NobHub-tvOSTests" */ = {
			isa = XCConfigurationList;
			buildConfigurations = (
				2D02E4991E0B4A5E006451C7 /* Debug */,
				2D02E49A1E0B4A5E006451C7 /* Release */,
			);
			defaultConfigurationIsVisible = 0;
			defaultConfigurationName = Release;
		};
		83CBB9FA1A601CBA00E9B192 /* Build configuration list for PBXProject "NobHub" */ = {
			isa = XCConfigurationList;
			buildConfigurations = (
				83CBBA201A601CBA00E9B192 /* Debug */,
				83CBBA211A601CBA00E9B192 /* Release */,
			);
			defaultConfigurationIsVisible = 0;
			defaultConfigurationName = Release;
		};
/* End XCConfigurationList section */
	};
	rootObject = 83CBB9F71A601CBA00E9B192 /* Project object */;
}
